{
  "requires": true,
  "lockfileVersion": 1,
  "dependencies": {
    "boolbase": {
      "version": "1.0.0",
      "resolved": "https://registry.npmjs.org/boolbase/-/boolbase-1.0.0.tgz",
      "integrity": "sha1-aN/1++YMUes3cl6p4+0xDcwed24="
    },
    "css-select": {
      "version": "2.1.0",
      "resolved": "https://registry.npmjs.org/css-select/-/css-select-2.1.0.tgz",
      "integrity": "sha512-Dqk7LQKpwLoH3VovzZnkzegqNSuAziQyNZUcrdDM401iY+R5NkGBXGmtO05/yaXQziALuPogeG0b7UAgjnTJTQ==",
      "requires": {
        "boolbase": "^1.0.0",
        "css-what": "^3.2.1",
        "domutils": "^1.7.0",
        "nth-check": "^1.0.2"
      }
    },
    "css-tree": {
      "version": "1.1.2",
      "resolved": "https://registry.npmjs.org/css-tree/-/css-tree-1.1.2.tgz",
      "integrity": "sha512-wCoWush5Aeo48GLhfHPbmvZs59Z+M7k5+B1xDnXbdWNcEF423DoFdqSWE0PM5aNk5nI5cp1q7ms36zGApY/sKQ==",
      "requires": {
        "mdn-data": "2.0.14",
        "source-map": "^0.6.1"
      }
    },
    "css-what": {
      "version": "3.4.2",
      "resolved": "https://registry.npmjs.org/css-what/-/css-what-3.4.2.tgz",
      "integrity": "sha512-ACUm3L0/jiZTqfzRM3Hi9Q8eZqd6IK37mMWPLz9PJxkLWllYeRf+EHUSHYEtFop2Eqytaq1FizFVh7XfBnXCDQ=="
    },
    "d3-array": {
      "version": "1.2.4",
      "resolved": "https://registry.npmjs.org/d3-array/-/d3-array-1.2.4.tgz",
      "integrity": "sha512-KHW6M86R+FUPYGb3R5XiYjXPq7VzwxZ22buHhAEVG5ztoEcZZMLov530mmccaqA1GghZArjQV46fuc8kUqhhHw=="
    },
    "d3-collection": {
      "version": "1.0.7",
      "resolved": "https://registry.npmjs.org/d3-collection/-/d3-collection-1.0.7.tgz",
      "integrity": "sha512-ii0/r5f4sjKNTfh84Di+DpztYwqKhEyUlKoPrzUFfeSkWxjW49xU2QzO9qrPrNkpdI0XJkfzvmTu8V2Zylln6A=="
    },
    "d3-color": {
      "version": "1.4.1",
      "resolved": "https://registry.npmjs.org/d3-color/-/d3-color-1.4.1.tgz",
      "integrity": "sha512-p2sTHSLCJI2QKunbGb7ocOh7DgTAn8IrLx21QRc/BSnodXM4sv6aLQlnfpvehFMLZEfBc6g9pH9SWQccFYfJ9Q=="
    },
    "d3-ease": {
      "version": "1.0.7",
      "resolved": "https://registry.npmjs.org/d3-ease/-/d3-ease-1.0.7.tgz",
      "integrity": "sha512-lx14ZPYkhNx0s/2HX5sLFUI3mbasHjSSpwO/KaaNACweVwxUruKyWVcb293wMv1RqTPZyZ8kSZ2NogUZNcLOFQ=="
    },
    "d3-format": {
      "version": "1.4.5",
      "resolved": "https://registry.npmjs.org/d3-format/-/d3-format-1.4.5.tgz",
      "integrity": "sha512-J0piedu6Z8iB6TbIGfZgDzfXxUFN3qQRMofy2oPdXzQibYGqPB/9iMcxr/TGalU+2RsyDO+U4f33id8tbnSRMQ=="
    },
    "d3-interpolate": {
      "version": "1.4.0",
      "resolved": "https://registry.npmjs.org/d3-interpolate/-/d3-interpolate-1.4.0.tgz",
      "integrity": "sha512-V9znK0zc3jOPV4VD2zZn0sDhZU3WAE2bmlxdIwwQPPzPjvyLkd8B3JUVdS1IDUFDkWZ72c9qnv1GK2ZagTZ8EA==",
      "requires": {
        "d3-color": "1"
      }
    },
    "d3-path": {
      "version": "1.0.9",
      "resolved": "https://registry.npmjs.org/d3-path/-/d3-path-1.0.9.tgz",
      "integrity": "sha512-VLaYcn81dtHVTjEHd8B+pbe9yHWpXKZUC87PzoFmsFrJqgFwDe/qxfp5MlfsfM1V5E/iVt0MmEbWQ7FVIXh/bg=="
    },
    "d3-scale": {
      "version": "1.0.7",
      "resolved": "https://registry.npmjs.org/d3-scale/-/d3-scale-1.0.7.tgz",
      "integrity": "sha512-KvU92czp2/qse5tUfGms6Kjig0AhHOwkzXG0+PqIJB3ke0WUv088AHMZI0OssO9NCkXt4RP8yju9rpH8aGB7Lw==",
      "requires": {
        "d3-array": "^1.2.0",
        "d3-collection": "1",
        "d3-color": "1",
        "d3-format": "1",
        "d3-interpolate": "1",
        "d3-time": "1",
        "d3-time-format": "2"
      }
    },
    "d3-shape": {
      "version": "1.3.7",
      "resolved": "https://registry.npmjs.org/d3-shape/-/d3-shape-1.3.7.tgz",
      "integrity": "sha512-EUkvKjqPFUAZyOlhY5gzCxCeI0Aep04LwIRpsZ/mLFelJiUfnK56jo5JMDSE7yyP2kLSb6LtF+S5chMk7uqPqw==",
      "requires": {
        "d3-path": "1"
      }
    },
    "d3-time": {
      "version": "1.1.0",
      "resolved": "https://registry.npmjs.org/d3-time/-/d3-time-1.1.0.tgz",
      "integrity": "sha512-Xh0isrZ5rPYYdqhAVk8VLnMEidhz5aP7htAADH6MfzgmmicPkTo8LhkLxci61/lCB7n7UmE3bN0leRt+qvkLxA=="
    },
    "d3-time-format": {
      "version": "2.3.0",
      "resolved": "https://registry.npmjs.org/d3-time-format/-/d3-time-format-2.3.0.tgz",
      "integrity": "sha512-guv6b2H37s2Uq/GefleCDtbe0XZAuy7Wa49VGkPVPMfLL9qObgBST3lEHJBMUp8S7NdLQAGIvr2KXk8Hc98iKQ==",
      "requires": {
        "d3-time": "1"
      }
    },
    "d3-timer": {
      "version": "1.0.10",
      "resolved": "https://registry.npmjs.org/d3-timer/-/d3-timer-1.0.10.tgz",
      "integrity": "sha512-B1JDm0XDaQC+uvo4DT79H0XmBskgS3l6Ve+1SBCfxgmtIb1AVrPIoqd+nPSv+loMX8szQ0sVUhGngL7D5QPiXw=="
    },
    "d3-voronoi": {
      "version": "1.1.4",
      "resolved": "https://registry.npmjs.org/d3-voronoi/-/d3-voronoi-1.1.4.tgz",
      "integrity": "sha512-dArJ32hchFsrQ8uMiTBLq256MpnZjeuBtdHpaDlYuQyjU0CVzCJl/BVW+SkszaAeH95D/8gxqAhgx0ouAWAfRg=="
    },
    "delaunator": {
      "version": "4.0.1",
      "resolved": "https://registry.npmjs.org/delaunator/-/delaunator-4.0.1.tgz",
      "integrity": "sha512-WNPWi1IRKZfCt/qIDMfERkDp93+iZEmOxN2yy4Jg+Xhv8SLk2UTqqbe1sfiipn0and9QrE914/ihdx82Y/Giag=="
    },
    "delaunay-find": {
      "version": "0.0.5",
      "resolved": "https://registry.npmjs.org/delaunay-find/-/delaunay-find-0.0.5.tgz",
      "integrity": "sha512-7yAJ/wmKWj3SgqjtkGqT/RCwI0HWAo5YnHMoF5nYXD8cdci+YSo23iPmgrZUNOpDxRWN91PqxUvMMr2lKpjr+w==",
      "requires": {
        "delaunator": "^4.0.0"
      }
    },
    "dom-serializer": {
      "version": "0.2.2",
      "resolved": "https://registry.npmjs.org/dom-serializer/-/dom-serializer-0.2.2.tgz",
      "integrity": "sha512-2/xPb3ORsQ42nHYiSunXkDjPLBaEj/xTwUO4B7XCZQTRk7EBtTOPaygh10YAAh2OI1Qrp6NWfpAhzswj0ydt9g==",
      "requires": {
        "domelementtype": "^2.0.1",
        "entities": "^2.0.0"
      },
      "dependencies": {
        "domelementtype": {
          "version": "2.1.0",
          "resolved": "https://registry.npmjs.org/domelementtype/-/domelementtype-2.1.0.tgz",
          "integrity": "sha512-LsTgx/L5VpD+Q8lmsXSHW2WpA+eBlZ9HPf3erD1IoPF00/3JKHZ3BknUVA2QGDNu69ZNmyFmCWBSO45XjYKC5w=="
        }
      }
    },
    "domelementtype": {
      "version": "1.3.1",
      "resolved": "https://registry.npmjs.org/domelementtype/-/domelementtype-1.3.1.tgz",
      "integrity": "sha512-BSKB+TSpMpFI/HOxCNr1O8aMOTZ8hT3pM3GQ0w/mWRmkhEDSFJkkyzz4XQsBV44BChwGkrDfMyjVD0eA2aFV3w=="
    },
    "domutils": {
      "version": "1.7.0",
      "resolved": "https://registry.npmjs.org/domutils/-/domutils-1.7.0.tgz",
      "integrity": "sha512-Lgd2XcJ/NjEw+7tFvfKxOzCYKZsdct5lczQ2ZaQY8Djz7pfAD3Gbp8ySJWtreII/vDlMVmxwa6pHmdxIYgttDg==",
      "requires": {
        "dom-serializer": "0",
        "domelementtype": "1"
      }
    },
    "entities": {
      "version": "2.1.0",
      "resolved": "https://registry.npmjs.org/entities/-/entities-2.1.0.tgz",
      "integrity": "sha512-hCx1oky9PFrJ611mf0ifBLBRW8lUUVRlFolb5gWRfIELabBlbp9xZvrqZLZAs+NxFnbfQoeGd8wDkygjg7U85w=="
    },
    "js-tokens": {
      "version": "4.0.0",
      "resolved": "https://registry.npmjs.org/js-tokens/-/js-tokens-4.0.0.tgz",
      "integrity": "sha512-RdJUflcE3cUzKiMqQgsCu06FPu9UdIJO0beYbPhHN4k6apgJtifcoCtT9bcxOpYBtpD2kCM6Sbzg4CausW/PKQ=="
    },
    "json-stringify-safe": {
      "version": "5.0.1",
      "resolved": "https://registry.npmjs.org/json-stringify-safe/-/json-stringify-safe-5.0.1.tgz",
      "integrity": "sha1-Epai1Y/UXxmg9s4B1lcB4sc1tus="
    },
    "lodash": {
      "version": "4.17.20",
      "resolved": "https://registry.npmjs.org/lodash/-/lodash-4.17.20.tgz",
      "integrity": "sha512-PlhdFcillOINfeV7Ni6oF1TAEayyZBoZ8bcshTHqOYJYlrqzRK5hagpagky5o4HfCzzd1TRkXPMFq6cKk9rGmA=="
    },
    "loose-envify": {
      "version": "1.4.0",
      "resolved": "https://registry.npmjs.org/loose-envify/-/loose-envify-1.4.0.tgz",
      "integrity": "sha512-lyuxPGr/Wfhrlem2CL/UcnUc1zcqKAImBDzukY7Y5F/yQiNdko6+fRLevlw1HgMySw7f611UIY408EtxRSoK3Q==",
      "requires": {
        "js-tokens": "^3.0.0 || ^4.0.0"
      }
    },
    "mdn-data": {
      "version": "2.0.14",
      "resolved": "https://registry.npmjs.org/mdn-data/-/mdn-data-2.0.14.tgz",
      "integrity": "sha512-dn6wd0uw5GsdswPFfsgMp5NSB0/aDe6fK94YJV/AJDYXL6HVLWBsxeq7js7Ad+mU2K9LAlwpk6kN2D5mwCPVow=="
    },
    "nth-check": {
      "version": "1.0.2",
      "resolved": "https://registry.npmjs.org/nth-check/-/nth-check-1.0.2.tgz",
      "integrity": "sha512-WeBOdju8SnzPN5vTUJYxYUxLeXpCaVP5i5e0LF8fg7WORF2Wd7wFX/pk0tYZk7s8T+J7VLy0Da6J1+wCT0AtHg==",
      "requires": {
        "boolbase": "~1.0.0"
      }
    },
    "object-assign": {
      "version": "4.1.1",
      "resolved": "https://registry.npmjs.org/object-assign/-/object-assign-4.1.1.tgz",
      "integrity": "sha1-IQmtx5ZYh8/AXLvUQsrIv7s2CGM="
    },
    "prop-types": {
      "version": "15.7.2",
      "resolved": "https://registry.npmjs.org/prop-types/-/prop-types-15.7.2.tgz",
      "integrity": "sha512-8QQikdH7//R2vurIJSutZ1smHYTcLpRWEOlHnzcWHmBYrOGUysKwSsrC89BCiFj3CbrfJ/nXFdJepOVrY1GCHQ==",
      "requires": {
        "loose-envify": "^1.4.0",
        "object-assign": "^4.1.1",
        "react-is": "^16.8.1"
      }
    },
    "react-fast-compare": {
      "version": "2.0.4",
      "resolved": "https://registry.npmjs.org/react-fast-compare/-/react-fast-compare-2.0.4.tgz",
      "integrity": "sha512-suNP+J1VU1MWFKcyt7RtjiSWUjvidmQSlqu+eHslq+342xCbGTYmC0mEhPCOHxlW0CywylOC1u2DFAT+bv4dBw=="
    },
    "react-is": {
      "version": "16.13.1",
      "resolved": "https://registry.npmjs.org/react-is/-/react-is-16.13.1.tgz",
      "integrity": "sha512-24e6ynE2H+OKt4kqsOvNd8kBpV65zoxbA4BVsEOB3ARVWQki/DHzaUoC5KuON/BiccDaCCTZBuOcfZs70kR8bQ=="
    },
    "react-native-svg": {
      "version": "12.1.0",
      "resolved": "https://registry.npmjs.org/react-native-svg/-/react-native-svg-12.1.0.tgz",
      "integrity": "sha512-1g9qBRci7man8QsHoXn6tP3DhCDiypGgc6+AOWq+Sy+PmP6yiyf8VmvKuoqrPam/tf5x+ZaBT2KI0gl7bptZ7w==",
      "requires": {
        "css-select": "^2.1.0",
        "css-tree": "^1.0.0-alpha.39"
      }
    },
    "source-map": {
      "version": "0.6.1",
      "resolved": "https://registry.npmjs.org/source-map/-/source-map-0.6.1.tgz",
      "integrity": "sha512-UjgapumWlbMhkBgzT7Ykc5YXUT46F0iKu8SGXq0bcwP5dz/h0Plj6enJqjz1Zbq2l5WaqYnrVbwWOWMyF3F47g=="
    },
    "victory": {
      "version": "35.4.2",
      "resolved": "https://registry.npmjs.org/victory/-/victory-35.4.2.tgz",
      "integrity": "sha512-f0WV2fP18l4Xiactb+2+Tidrgc035o9KGvcedx2PQ2OnJfxnwJ1G+UHJISRi/IjR64lRTIdMJik1HI+j4nYKRA==",
      "requires": {
        "victory-area": "^35.4.1",
        "victory-axis": "^35.4.1",
        "victory-bar": "^35.4.1",
        "victory-box-plot": "^35.4.1",
        "victory-brush-container": "^35.4.1",
        "victory-brush-line": "^35.4.1",
        "victory-candlestick": "^35.4.1",
        "victory-chart": "^35.4.1",
        "victory-core": "^35.4.1",
        "victory-create-container": "^35.4.2",
        "victory-cursor-container": "^35.4.1",
        "victory-errorbar": "^35.4.1",
        "victory-group": "^35.4.1",
        "victory-histogram": "^35.4.1",
        "victory-legend": "^35.4.1",
        "victory-line": "^35.4.1",
        "victory-pie": "^35.4.1",
        "victory-polar-axis": "^35.4.1",
        "victory-scatter": "^35.4.1",
        "victory-selection-container": "^35.4.1",
        "victory-shared-events": "^35.4.1",
        "victory-stack": "^35.4.1",
        "victory-tooltip": "^35.4.2",
        "victory-voronoi": "^35.4.1",
        "victory-voronoi-container": "^35.4.2",
        "victory-zoom-container": "^35.4.1"
      }
    },
    "victory-area": {
      "version": "35.4.1",
      "resolved": "https://registry.npmjs.org/victory-area/-/victory-area-35.4.1.tgz",
      "integrity": "sha512-+FV39ey/w8GZO35XXge8PIFYLEphkHypN0qWvlwChtyQDXwsbdcAiG7qBLtZuOOR47phDvBPC75w3YFE1XYarQ==",
      "requires": {
        "d3-shape": "^1.2.0",
        "lodash": "^4.17.19",
        "prop-types": "^15.5.8",
        "victory-core": "^35.4.1"
      }
    },
    "victory-axis": {
      "version": "35.4.1",
      "resolved": "https://registry.npmjs.org/victory-axis/-/victory-axis-35.4.1.tgz",
      "integrity": "sha512-zQgakJCK4nQbYVelj4vj9AEyZHx7I/EKwGKOlwgkzrTsdzhs7QV2W0PK0LMXvgw+7QLQjmcQ52OvU17KU8Jklg==",
      "requires": {
        "lodash": "^4.17.19",
        "prop-types": "^15.5.8",
        "victory-core": "^35.4.1"
      }
    },
    "victory-bar": {
      "version": "35.4.1",
      "resolved": "https://registry.npmjs.org/victory-bar/-/victory-bar-35.4.1.tgz",
      "integrity": "sha512-G1qEzCcu4el6ulUNEjSNktG+wdG8Rc9HdoUbp7ZVA97PVtZdmYMvV/uTur+QptuGjiOEL9p3AFrLJ7jxegCzgg==",
      "requires": {
        "d3-shape": "^1.2.0",
        "lodash": "^4.17.19",
        "prop-types": "^15.5.8",
        "victory-core": "^35.4.1"
      }
    },
    "victory-box-plot": {
      "version": "35.4.1",
      "resolved": "https://registry.npmjs.org/victory-box-plot/-/victory-box-plot-35.4.1.tgz",
      "integrity": "sha512-jyGSjvOTnwZ9N8LmDvF2aUCdWZNjoyzXElj+TpRZ243CCdBjZWBYx7E5jhLkqwQ6t7U72ONJzq/aatl6NZjuuw==",
      "requires": {
        "d3-array": "^1.2.0",
        "lodash": "^4.17.19",
        "prop-types": "^15.5.8",
        "victory-core": "^35.4.1"
      }
    },
    "victory-brush-container": {
      "version": "35.4.1",
      "resolved": "https://registry.npmjs.org/victory-brush-container/-/victory-brush-container-35.4.1.tgz",
      "integrity": "sha512-CBfvPtcl8riFlNVbjCcWNhp60hK8FoQqh/dR5YWy0HftZVTscSvTweLTvUwHAtKFhygA9U1H4AJvgrjrw7UHOQ==",
      "requires": {
        "lodash": "^4.17.19",
        "prop-types": "^15.5.8",
        "react-fast-compare": "^2.0.0",
        "victory-core": "^35.4.1"
      }
    },
    "victory-brush-line": {
      "version": "35.4.1",
      "resolved": "https://registry.npmjs.org/victory-brush-line/-/victory-brush-line-35.4.1.tgz",
      "integrity": "sha512-3jwwloQMBZA33sq+JXTjVm3p4lN1RHfnIcP+8jB+vhsmveU5wfbvbW+yh2ew9wn/cmQUTgWH/ebq8UErG5uSWA==",
      "requires": {
        "lodash": "^4.17.19",
        "prop-types": "^15.5.8",
        "react-fast-compare": "^2.0.0",
        "victory-core": "^35.4.1"
      }
    },
    "victory-candlestick": {
      "version": "35.4.1",
      "resolved": "https://registry.npmjs.org/victory-candlestick/-/victory-candlestick-35.4.1.tgz",
      "integrity": "sha512-ocJHEF4D/m6hrb8ngDLq8177kC+4HdQ1haSdWaXIuMO1PLERmr9F1e/bh1ftzOeuGZ38egC1D8pblIFFJYFgZA==",
      "requires": {
        "lodash": "^4.17.19",
        "prop-types": "^15.5.8",
        "victory-core": "^35.4.1"
      }
    },
    "victory-chart": {
      "version": "35.4.1",
      "resolved": "https://registry.npmjs.org/victory-chart/-/victory-chart-35.4.1.tgz",
      "integrity": "sha512-K6ZZ+xe1iavIOEl3acErmznObJk2eQY3bUeczyrbLKiuATSsDDWHlB5ZBTbgDQKk6OrDF1bl+AlvyBJxB2wGIA==",
      "requires": {
        "lodash": "^4.17.19",
        "prop-types": "^15.5.8",
        "react-fast-compare": "^2.0.0",
        "victory-axis": "^35.4.1",
        "victory-core": "^35.4.1",
        "victory-polar-axis": "^35.4.1",
        "victory-shared-events": "^35.4.1"
      }
    },
    "victory-core": {
      "version": "35.4.1",
      "resolved": "https://registry.npmjs.org/victory-core/-/victory-core-35.4.1.tgz",
      "integrity": "sha512-TEdtJyU0J7xiNybjEzX5R6fiZOwYbJUd72xnw8pttpQaBl432fin7g1ytsbsS4EH+J5xa2fcPuOqPCfdidvo6A==",
      "requires": {
        "d3-ease": "^1.0.0",
        "d3-interpolate": "^1.1.1",
        "d3-scale": "^1.0.0",
        "d3-shape": "^1.2.0",
        "d3-timer": "^1.0.0",
        "lodash": "^4.17.19",
        "prop-types": "^15.5.8",
        "react-fast-compare": "^2.0.0"
      }
    },
    "victory-create-container": {
      "version": "35.4.2",
      "resolved": "https://registry.npmjs.org/victory-create-container/-/victory-create-container-35.4.2.tgz",
      "integrity": "sha512-yBh7GY6UFqsfLfel4tJp9nC9zukuqjO7gGWfD1ausVTeJC9U/V3C/lezgpu/MXI+Mbw2v3Mso2SWSG2+twTqNg==",
      "requires": {
        "lodash": "^4.17.19",
        "victory-brush-container": "^35.4.1",
        "victory-core": "^35.4.1",
        "victory-cursor-container": "^35.4.1",
        "victory-selection-container": "^35.4.1",
        "victory-voronoi-container": "^35.4.2",
        "victory-zoom-container": "^35.4.1"
      }
    },
    "victory-cursor-container": {
      "version": "35.4.1",
      "resolved": "https://registry.npmjs.org/victory-cursor-container/-/victory-cursor-container-35.4.1.tgz",
      "integrity": "sha512-+xiHZGg6U0nl5+L02/uX3A7RUP//4nY6898c+bp0XiIFFHAM9tgwqX1YA8yi5D4Sbo7L7Xi2RBxQRBksYymC4g==",
      "requires": {
        "lodash": "^4.17.19",
        "prop-types": "^15.5.8",
        "victory-core": "^35.4.1"
      }
    },
    "victory-errorbar": {
      "version": "35.4.1",
      "resolved": "https://registry.npmjs.org/victory-errorbar/-/victory-errorbar-35.4.1.tgz",
      "integrity": "sha512-PKLthmptsZaXZEhHAi16ubF9LqzN82l4GmLLFh4yXiQWkwG1HbmC6ljeakui2pOi+hiLo1UBtX2e64GDjqhyrw==",
      "requires": {
        "lodash": "^4.17.19",
        "prop-types": "^15.5.8",
        "victory-core": "^35.4.1"
      }
    },
    "victory-group": {
      "version": "35.4.1",
      "resolved": "https://registry.npmjs.org/victory-group/-/victory-group-35.4.1.tgz",
      "integrity": "sha512-0EWenPEmOcpww8Z8DrSxPn9jWusWwWc/ERee06ahP/ElgeYwYQqcuyrdxuW3YEgjeS0DGN9R6xPYBfo9/91qkQ==",
      "requires": {
        "lodash": "^4.17.19",
        "prop-types": "^15.5.8",
        "react-fast-compare": "^2.0.0",
        "victory-core": "^35.4.1",
        "victory-shared-events": "^35.4.1"
      }
    },
    "victory-histogram": {
      "version": "35.4.1",
      "resolved": "https://registry.npmjs.org/victory-histogram/-/victory-histogram-35.4.1.tgz",
      "integrity": "sha512-YfaQPdew8KE7yTtYKtBJb9BtHsH2I56iL0Ikwtvem/Xl11aPvjlFf/mGMwoUE3rS8WSl2NgrN4lGm+SAQKkDOQ==",
      "requires": {
        "d3-array": "^2.4.0",
        "d3-scale": "^1.0.0",
        "lodash": "^4.17.19",
        "prop-types": "^15.5.8",
        "react-fast-compare": "^2.0.0",
        "victory-bar": "^35.4.1",
        "victory-core": "^35.4.1"
      },
      "dependencies": {
        "d3-array": {
          "version": "2.8.0",
          "resolved": "https://registry.npmjs.org/d3-array/-/d3-array-2.8.0.tgz",
          "integrity": "sha512-6V272gsOeg7+9pTW1jSYOR1QE37g95I3my1hBmY+vOUNHRrk9yt4OTz/gK7PMkVAVDrYYq4mq3grTiZ8iJdNIw=="
        }
      }
    },
    "victory-legend": {
      "version": "35.4.1",
      "resolved": "https://registry.npmjs.org/victory-legend/-/victory-legend-35.4.1.tgz",
      "integrity": "sha512-Wq8rvzNX7GrgNIhOY9sO6Z3aehhNZo8J8uV1KqzF9lPwj5aK+0RosXCqnTGWTe44gBk5J/c/YqEYhgnIFwDf5A==",
      "requires": {
        "lodash": "^4.17.19",
        "prop-types": "^15.5.8",
        "victory-core": "^35.4.1"
      }
    },
    "victory-line": {
      "version": "35.4.1",
      "resolved": "https://registry.npmjs.org/victory-line/-/victory-line-35.4.1.tgz",
      "integrity": "sha512-pd4uRffcP9NnWkz2MNW2XyLv9Mqh+p941Kpyavu2cX7rzj4PvicJzjFR9KU/rh+B0rkzkN8SY1sOGbe7vnL/Rw==",
      "requires": {
        "d3-shape": "^1.2.0",
        "lodash": "^4.17.19",
        "prop-types": "^15.5.8",
        "victory-core": "^35.4.1"
      }
    },
    "victory-native": {
      "version": "35.3.1",
      "resolved": "https://registry.npmjs.org/victory-native/-/victory-native-35.3.1.tgz",
      "integrity": "sha512-VyBDZ0G8k9mcbT5H5ONpx8uxlozYb9QYKmTf0z98elvAxgSC33+rQ5jaEg9JbJ4IpG+ppXZmMXmaZ5qYKUXuwg==",
      "requires": {
        "lodash": "^4.17.19",
        "prop-types": "^15.5.10",
        "react-fast-compare": "^2.0.0",
        "victory": "^35.3.3",
        "victory-area": "^35.3.3",
        "victory-axis": "^35.3.3",
        "victory-bar": "^35.3.3",
        "victory-box-plot": "^35.3.3",
        "victory-brush-container": "^35.3.3",
        "victory-brush-line": "^35.3.3",
        "victory-candlestick": "^35.3.3",
        "victory-chart": "^35.3.3",
        "victory-core": "^35.3.3",
        "victory-create-container": "^35.3.3",
        "victory-cursor-container": "^35.3.3",
        "victory-errorbar": "^35.3.3",
        "victory-group": "^35.3.3",
        "victory-histogram": "^35.3.3",
        "victory-legend": "^35.3.3",
        "victory-line": "^35.3.3",
        "victory-pie": "^35.3.3",
        "victory-polar-axis": "^35.3.3",
        "victory-scatter": "^35.3.3",
        "victory-selection-container": "^35.3.3",
        "victory-shared-events": "^35.3.3",
        "victory-stack": "^35.3.3",
        "victory-tooltip": "^35.3.3",
        "victory-voronoi": "^35.3.3",
        "victory-voronoi-container": "^35.3.3",
        "victory-zoom-container": "^35.3.3"
      }
    },
    "victory-pie": {
      "version": "35.4.1",
      "resolved": "https://registry.npmjs.org/victory-pie/-/victory-pie-35.4.1.tgz",
      "integrity": "sha512-WfpkfR8V0ArVI286DRvJCVyIhllGNEMajjKKBVULCWuNnaW4nbF/sXw2689kT0tDZC9FHVFjlj3wLs3i32bBJQ==",
      "requires": {
        "d3-shape": "^1.0.0",
        "lodash": "^4.17.19",
        "prop-types": "^15.5.8",
        "victory-core": "^35.4.1"
      }
    },
    "victory-polar-axis": {
      "version": "35.4.1",
      "resolved": "https://registry.npmjs.org/victory-polar-axis/-/victory-polar-axis-35.4.1.tgz",
      "integrity": "sha512-tqSV6ojrkfvcN4+JzNTSznP1Ogug2kEYP88g/3W7uyfraNs+XdF67e1BY9IA/INyAVm86PDgkQwn1EvSDt0ZVA==",
      "requires": {
        "lodash": "^4.17.19",
        "prop-types": "^15.5.8",
        "victory-core": "^35.4.1"
      }
    },
    "victory-scatter": {
      "version": "35.4.1",
      "resolved": "https://registry.npmjs.org/victory-scatter/-/victory-scatter-35.4.1.tgz",
      "integrity": "sha512-GPBYPkiZTtw7F09DVp/ksmsVHhnbyXYc97mQWkuROM7zhvPDbBVFjWR9kRv0ldlD5TA40RCJJaqM6qkJHQoLTQ==",
      "requires": {
        "lodash": "^4.17.19",
        "prop-types": "^15.5.8",
        "victory-core": "^35.4.1"
      }
    },
    "victory-selection-container": {
      "version": "35.4.1",
      "resolved": "https://registry.npmjs.org/victory-selection-container/-/victory-selection-container-35.4.1.tgz",
      "integrity": "sha512-9XilYYaGnstjDHCthWs0WAf0I9zVH3dmfXqwBJKOYG7UnZfR4KW39G6Vf3JPZE6Wmk1iXnYZZPuA8I8hdiIQng==",
      "requires": {
        "lodash": "^4.17.19",
        "prop-types": "^15.5.8",
        "victory-core": "^35.4.1"
      }
    },
    "victory-shared-events": {
      "version": "35.4.1",
      "resolved": "https://registry.npmjs.org/victory-shared-events/-/victory-shared-events-35.4.1.tgz",
      "integrity": "sha512-ye0/Ey4TCsupjhyB66YzkVYBxPDUZWC8r4cLjj/gkCL5M6G/Udl4c68J6vT56djYjzsNp21URYZlLUyNshpfUw==",
      "requires": {
        "json-stringify-safe": "^5.0.1",
        "lodash": "^4.17.19",
        "prop-types": "^15.5.8",
        "react-fast-compare": "^2.0.0",
        "victory-core": "^35.4.1"
      }
    },
    "victory-stack": {
      "version": "35.4.1",
      "resolved": "https://registry.npmjs.org/victory-stack/-/victory-stack-35.4.1.tgz",
      "integrity": "sha512-0BKlg18mbmH30P+cAk0FtEvIfDrg3Z50td4EA8UXo4Ty492aUcQ5Ejx+x9+o7lK6WjgfITIF9FV1JnQ2/OhM4A==",
      "requires": {
        "lodash": "^4.17.19",
        "prop-types": "^15.5.8",
        "react-fast-compare": "^2.0.0",
        "victory-core": "^35.4.1",
        "victory-shared-events": "^35.4.1"
      }
    },
    "victory-tooltip": {
      "version": "35.4.2",
      "resolved": "https://registry.npmjs.org/victory-tooltip/-/victory-tooltip-35.4.2.tgz",
      "integrity": "sha512-OmGTStuN3Dwxm6k4wm70rVC7ZMJ8PnhmOR5uWY3Jfut2Pi+roSpFDe2+URkwC8MItdcx68mqRC4zK3AnCetc8A==",
      "requires": {
        "lodash": "^4.17.19",
        "prop-types": "^15.5.8",
        "victory-core": "^35.4.1"
      }
    },
    "victory-voronoi": {
      "version": "35.4.1",
      "resolved": "https://registry.npmjs.org/victory-voronoi/-/victory-voronoi-35.4.1.tgz",
      "integrity": "sha512-m0d/EhJD/Bm/WOHYXQgVUFjaqWIYXJef0ku6Pgrx2ZiCaijS72+wM0FHA9djiTkXCvPIbmwEGZ5sAxrqafmaDw==",
      "requires": {
        "d3-voronoi": "^1.1.2",
        "lodash": "^4.17.19",
        "prop-types": "^15.5.8",
        "victory-core": "^35.4.1"
      }
    },
    "victory-voronoi-container": {
      "version": "35.4.2",
      "resolved": "https://registry.npmjs.org/victory-voronoi-container/-/victory-voronoi-container-35.4.2.tgz",
      "integrity": "sha512-CMoxelrmaILqG75RP3lir6lIwz1ltWxYbNJZrG/YyyYi3oMl5niF8IvwHA4gdqTPSdwbZHMuTfytD6itSWoRrg==",
      "requires": {
        "delaunay-find": "0.0.5",
        "lodash": "^4.17.19",
        "prop-types": "^15.5.8",
        "react-fast-compare": "^2.0.0",
        "victory-core": "^35.4.1",
        "victory-tooltip": "^35.4.2"
      }
    },
    "victory-zoom-container": {
      "version": "35.4.1",
      "resolved": "https://registry.npmjs.org/victory-zoom-container/-/victory-zoom-container-35.4.1.tgz",
      "integrity": "sha512-Qz/57YeFCE1NGGIAo/FgN/4VhEwo2AmtriqAfhJMw5WNe8sDRBmcnIAhqM8IF/N+f3OnkEDJ5cUrPYB2T7DBMA==",
      "requires": {
        "lodash": "^4.17.19",
        "prop-types": "^15.5.8",
        "victory-core": "^35.4.1"
      }
    }
  }
}
